{
  "name": "pocket-cm",
  "version": "0.1.0",
  "lockfileVersion": 1,
  "requires": true,
  "dependencies": {
    "core-js": {
      "version": "3.0.0",
      "resolved": "https://registry.npmjs.org/core-js/-/core-js-3.0.0.tgz",
      "integrity": "sha512-WBmxlgH2122EzEJ6GH8o9L/FeoUKxxxZ6q6VUxoTlsE4EvbTWKJb447eyVxTEuq0LpXjlq/kCB2qgBvsYRkLvQ=="
    }
  }
}
